// !$*UTF8*$!
{
	archiveVersion = 1;
	classes = {
	};
	objectVersion = 50;
	objects = {

/* Begin PBXBuildFile section */
		FC37C34120BCBA4400A000C5 /* AppDelegate.swift in Sources */ = {isa = PBXBuildFile; fileRef = FC37C34020BCBA4400A000C5 /* AppDelegate.swift */; };
		FC37C34320BCBA4400A000C5 /* ViewController.swift in Sources */ = {isa = PBXBuildFile; fileRef = FC37C34220BCBA4400A000C5 /* ViewController.swift */; };
		FC37C34620BCBA4400A000C5 /* Main.storyboard in Resources */ = {isa = PBXBuildFile; fileRef = FC37C34420BCBA4400A000C5 /* Main.storyboard */; };
		FC37C34920BCBA4400A000C5 /* NYC_JOBS_DATA_FINAL.xcdatamodeld in Sources */ = {isa = PBXBuildFile; fileRef = FC37C34720BCBA4400A000C5 /* NYC_JOBS_DATA_FINAL.xcdatamodeld */; };
		FC37C34B20BCBA4500A000C5 /* Assets.xcassets in Resources */ = {isa = PBXBuildFile; fileRef = FC37C34A20BCBA4500A000C5 /* Assets.xcassets */; };
		FC37C34E20BCBA4500A000C5 /* LaunchScreen.storyboard in Resources */ = {isa = PBXBuildFile; fileRef = FC37C34C20BCBA4500A000C5 /* LaunchScreen.storyboard */; };
		FC37C35920BCBA4600A000C5 /* NYC_JOBS_DATA_FINALTests.swift in Sources */ = {isa = PBXBuildFile; fileRef = FC37C35820BCBA4600A000C5 /* NYC_JOBS_DATA_FINALTests.swift */; };
		FC37C36420BCBA4600A000C5 /* NYC_JOBS_DATA_FINALUITests.swift in Sources */ = {isa = PBXBuildFile; fileRef = FC37C36320BCBA4600A000C5 /* NYC_JOBS_DATA_FINALUITests.swift */; };
/* End PBXBuildFile section */

/* Begin PBXContainerItemProxy section */
		FC37C35520BCBA4600A000C5 /* PBXContainerItemProxy */ = {
			isa = PBXContainerItemProxy;
			containerPortal = FC37C33520BCBA4400A000C5 /* Project object */;
			proxyType = 1;
			remoteGlobalIDString = FC37C33C20BCBA4400A000C5;
			remoteInfo = NYC_JOBS_DATA_FINAL;
		};
		FC37C36020BCBA4600A000C5 /* PBXContainerItemProxy */ = {
			isa = PBXContainerItemProxy;
			containerPortal = FC37C33520BCBA4400A000C5 /* Project object */;
			proxyType = 1;
			remoteGlobalIDString = FC37C33C20BCBA4400A000C5;
			remoteInfo = NYC_JOBS_DATA_FINAL;
		};
/* End PBXContainerItemProxy section */

/* Begin PBXFileReference section */
		FC37C33D20BCBA4400A000C5 /* NYC_JOBS_DATA_FINAL.app */ = {isa = PBXFileReference; explicitFileType = wrapper.application; includeInIndex = 0; path = NYC_JOBS_DATA_FINAL.app; sourceTree = BUILT_PRODUCTS_DIR; };
		FC37C34020BCBA4400A000C5 /* AppDelegate.swift */ = {isa = PBXFileReference; lastKnownFileType = sourcecode.swift; path = AppDelegate.swift; sourceTree = "<group>"; };
		FC37C34220BCBA4400A000C5 /* ViewController.swift */ = {isa = PBXFileReference; lastKnownFileType = sourcecode.swift; path = ViewController.swift; sourceTree = "<group>"; };
		FC37C34520BCBA4400A000C5 /* Base */ = {isa = PBXFileReference; lastKnownFileType = file.storyboard; name = Base; path = Base.lproj/Main.storyboard; sourceTree = "<group>"; };
		FC37C34820BCBA4400A000C5 /* NYC_JOBS_DATA_FINAL.xcdatamodel */ = {isa = PBXFileReference; lastKnownFileType = wrapper.xcdatamodel; path = NYC_JOBS_DATA_FINAL.xcdatamodel; sourceTree = "<group>"; };
		FC37C34A20BCBA4500A000C5 /* Assets.xcassets */ = {isa = PBXFileReference; lastKnownFileType = folder.assetcatalog; path = Assets.xcassets; sourceTree = "<group>"; };
		FC37C34D20BCBA4500A000C5 /* Base */ = {isa = PBXFileReference; lastKnownFileType = file.storyboard; name = Base; path = Base.lproj/LaunchScreen.storyboard; sourceTree = "<group>"; };
		FC37C34F20BCBA4500A000C5 /* Info.plist */ = {isa = PBXFileReference; lastKnownFileType = text.plist.xml; path = Info.plist; sourceTree = "<group>"; };
		FC37C35420BCBA4600A000C5 /* NYC_JOBS_DATA_FINALTests.xctest */ = {isa = PBXFileReference; explicitFileType = wrapper.cfbundle; includeInIndex = 0; path = NYC_JOBS_DATA_FINALTests.xctest; sourceTree = BUILT_PRODUCTS_DIR; };
		FC37C35820BCBA4600A000C5 /* NYC_JOBS_DATA_FINALTests.swift */ = {isa = PBXFileReference; lastKnownFileType = sourcecode.swift; path = NYC_JOBS_DATA_FINALTests.swift; sourceTree = "<group>"; };
		FC37C35A20BCBA4600A000C5 /* Info.plist */ = {isa = PBXFileReference; lastKnownFileType = text.plist.xml; path = Info.plist; sourceTree = "<group>"; };
		FC37C35F20BCBA4600A000C5 /* NYC_JOBS_DATA_FINALUITests.xctest */ = {isa = PBXFileReference; explicitFileType = wrapper.cfbundle; includeInIndex = 0; path = NYC_JOBS_DATA_FINALUITests.xctest; sourceTree = BUILT_PRODUCTS_DIR; };
		FC37C36320BCBA4600A000C5 /* NYC_JOBS_DATA_FINALUITests.swift */ = {isa = PBXFileReference; lastKnownFileType = sourcecode.swift; path = NYC_JOBS_DATA_FINALUITests.swift; sourceTree = "<group>"; };
		FC37C36520BCBA4600A000C5 /* Info.plist */ = {isa = PBXFileReference; lastKnownFileType = text.plist.xml; path = Info.plist; sourceTree = "<group>"; };
/* End PBXFileReference section */

/* Begin PBXFrameworksBuildPhase section */
		FC37C33A20BCBA4400A000C5 /* Frameworks */ = {
			isa = PBXFrameworksBuildPhase;
			buildActionMask = 2147483647;
			files = (
			);
			runOnlyForDeploymentPostprocessing = 0;
		};
		FC37C35120BCBA4600A000C5 /* Frameworks */ = {
			isa = PBXFrameworksBuildPhase;
			buildActionMask = 2147483647;
			files = (
			);
			runOnlyForDeploymentPostprocessing = 0;
		};
		FC37C35C20BCBA4600A000C5 /* Frameworks */ = {
			isa = PBXFrameworksBuildPhase;
			buildActionMask = 2147483647;
			files = (
			);
			runOnlyForDeploymentPostprocessing = 0;
		};
/* End PBXFrameworksBuildPhase section */

/* Begin PBXGroup section */
		FC37C33420BCBA4400A000C5 = {
			isa = PBXGroup;
			children = (
				FC37C33F20BCBA4400A000C5 /* NYC_JOBS_DATA_FINAL */,
				FC37C35720BCBA4600A000C5 /* NYC_JOBS_DATA_FINALTests */,
				FC37C36220BCBA4600A000C5 /* NYC_JOBS_DATA_FINALUITests */,
				FC37C33E20BCBA4400A000C5 /* Products */,
			);
			sourceTree = "<group>";
		};
		FC37C33E20BCBA4400A000C5 /* Products */ = {
			isa = PBXGroup;
			children = (
				FC37C33D20BCBA4400A000C5 /* NYC_JOBS_DATA_FINAL.app */,
				FC37C35420BCBA4600A000C5 /* NYC_JOBS_DATA_FINALTests.xctest */,
				FC37C35F20BCBA4600A000C5 /* NYC_JOBS_DATA_FINALUITests.xctest */,
			);
			name = Products;
			sourceTree = "<group>";
		};
		FC37C33F20BCBA4400A000C5 /* NYC_JOBS_DATA_FINAL */ = {
			isa = PBXGroup;
			children = (
				FC37C34020BCBA4400A000C5 /* AppDelegate.swift */,
				FC37C34220BCBA4400A000C5 /* ViewController.swift */,
				FC37C34420BCBA4400A000C5 /* Main.storyboard */,
				FC37C34A20BCBA4500A000C5 /* Assets.xcassets */,
				FC37C34C20BCBA4500A000C5 /* LaunchScreen.storyboard */,
				FC37C34F20BCBA4500A000C5 /* Info.plist */,
				FC37C34720BCBA4400A000C5 /* NYC_JOBS_DATA_FINAL.xcdatamodeld */,
			);
			path = NYC_JOBS_DATA_FINAL;
			sourceTree = "<group>";
		};
		FC37C35720BCBA4600A000C5 /* NYC_JOBS_DATA_FINALTests */ = {
			isa = PBXGroup;
			children = (
				FC37C35820BCBA4600A000C5 /* NYC_JOBS_DATA_FINALTests.swift */,
				FC37C35A20BCBA4600A000C5 /* Info.plist */,
			);
			path = NYC_JOBS_DATA_FINALTests;
			sourceTree = "<group>";
		};
		FC37C36220BCBA4600A000C5 /* NYC_JOBS_DATA_FINALUITests */ = {
			isa = PBXGroup;
			children = (
				FC37C36320BCBA4600A000C5 /* NYC_JOBS_DATA_FINALUITests.swift */,
				FC37C36520BCBA4600A000C5 /* Info.plist */,
			);
			path = NYC_JOBS_DATA_FINALUITests;
			sourceTree = "<group>";
		};
/* End PBXGroup section */

/* Begin PBXNativeTarget section */
		FC37C33C20BCBA4400A000C5 /* NYC_JOBS_DATA_FINAL */ = {
			isa = PBXNativeTarget;
			buildConfigurationList = FC37C36820BCBA4600A000C5 /* Build configuration list for PBXNativeTarget "NYC_JOBS_DATA_FINAL" */;
			buildPhases = (
				FC37C33920BCBA4400A000C5 /* Sources */,
				FC37C33A20BCBA4400A000C5 /* Frameworks */,
				FC37C33B20BCBA4400A000C5 /* Resources */,
			);
			buildRules = (
			);
			dependencies = (
			);
			name = NYC_JOBS_DATA_FINAL;
			productName = NYC_JOBS_DATA_FINAL;
			productReference = FC37C33D20BCBA4400A000C5 /* NYC_JOBS_DATA_FINAL.app */;
			productType = "com.apple.product-type.application";
		};
		FC37C35320BCBA4600A000C5 /* NYC_JOBS_DATA_FINALTests */ = {
			isa = PBXNativeTarget;
			buildConfigurationList = FC37C36B20BCBA4600A000C5 /* Build configuration list for PBXNativeTarget "NYC_JOBS_DATA_FINALTests" */;
			buildPhases = (
				FC37C35020BCBA4600A000C5 /* Sources */,
				FC37C35120BCBA4600A000C5 /* Frameworks */,
				FC37C35220BCBA4600A000C5 /* Resources */,
			);
			buildRules = (
			);
			dependencies = (
				FC37C35620BCBA4600A000C5 /* PBXTargetDependency */,
			);
			name = NYC_JOBS_DATA_FINALTests;
			productName = NYC_JOBS_DATA_FINALTests;
			productReference = FC37C35420BCBA4600A000C5 /* NYC_JOBS_DATA_FINALTests.xctest */;
			productType = "com.apple.product-type.bundle.unit-test";
		};
		FC37C35E20BCBA4600A000C5 /* NYC_JOBS_DATA_FINALUITests */ = {
			isa = PBXNativeTarget;
			buildConfigurationList = FC37C36E20BCBA4600A000C5 /* Build configuration list for PBXNativeTarget "NYC_JOBS_DATA_FINALUITests" */;
			buildPhases = (
				FC37C35B20BCBA4600A000C5 /* Sources */,
				FC37C35C20BCBA4600A000C5 /* Frameworks */,
				FC37C35D20BCBA4600A000C5 /* Resources */,
			);
			buildRules = (
			);
			dependencies = (
				FC37C36120BCBA4600A000C5 /* PBXTargetDependency */,
			);
			name = NYC_JOBS_DATA_FINALUITests;
			productName = NYC_JOBS_DATA_FINALUITests;
			productReference = FC37C35F20BCBA4600A000C5 /* NYC_JOBS_DATA_FINALUITests.xctest */;
			productType = "com.apple.product-type.bundle.ui-testing";
		};
/* End PBXNativeTarget section */

/* Begin PBXProject section */
		FC37C33520BCBA4400A000C5 /* Project object */ = {
			isa = PBXProject;
			attributes = {
				LastSwiftUpdateCheck = 0930;
				LastUpgradeCheck = 0930;
				ORGANIZATIONNAME = "Jonathan Cravotta";
				TargetAttributes = {
					FC37C33C20BCBA4400A000C5 = {
						CreatedOnToolsVersion = 9.3;
					};
					FC37C35320BCBA4600A000C5 = {
						CreatedOnToolsVersion = 9.3;
						TestTargetID = FC37C33C20BCBA4400A000C5;
					};
					FC37C35E20BCBA4600A000C5 = {
						CreatedOnToolsVersion = 9.3;
						TestTargetID = FC37C33C20BCBA4400A000C5;
					};
				};
			};
			buildConfigurationList = FC37C33820BCBA4400A000C5 /* Build configuration list for PBXProject "NYC_JOBS_DATA_FINAL" */;
			compatibilityVersion = "Xcode 9.3";
			developmentRegion = en;
			hasScannedForEncodings = 0;
			knownRegions = (
				en,
				Base,
			);
			mainGroup = FC37C33420BCBA4400A000C5;
			productRefGroup = FC37C33E20BCBA4400A000C5 /* Products */;
			projectDirPath = "";
			projectRoot = "";
			targets = (
				FC37C33C20BCBA4400A000C5 /* NYC_JOBS_DATA_FINAL */,
				FC37C35320BCBA4600A000C5 /* NYC_JOBS_DATA_FINALTests */,
				FC37C35E20BCBA4600A000C5 /* NYC_JOBS_DATA_FINALUITests */,
			);
		};
/* End PBXProject section */

/* Begin PBXResourcesBuildPhase section */
		FC37C33B20BCBA4400A000C5 /* Resources */ = {
			isa = PBXResourcesBuildPhase;
			buildActionMask = 2147483647;
			files = (
				FC37C34E20BCBA4500A000C5 /* LaunchScreen.storyboard in Resources */,
				FC37C34B20BCBA4500A000C5 /* Assets.xcassets in Resources */,
				FC37C34620BCBA4400A000C5 /* Main.storyboard in Resources */,
			);
			runOnlyForDeploymentPostprocessing = 0;
		};
		FC37C35220BCBA4600A000C5 /* Resources */ = {
			isa = PBXResourcesBuildPhase;
			buildActionMask = 2147483647;
			files = (
			);
			runOnlyForDeploymentPostprocessing = 0;
		};
		FC37C35D20BCBA4600A000C5 /* Resources */ = {
			isa = PBXResourcesBuildPhase;
			buildActionMask = 2147483647;
			files = (
			);
			runOnlyForDeploymentPostprocessing = 0;
		};
/* End PBXResourcesBuildPhase section */

/* Begin PBXSourcesBuildPhase section */
		FC37C33920BCBA4400A000C5 /* Sources */ = {
			isa = PBXSourcesBuildPhase;
			buildActionMask = 2147483647;
			files = (
				FC37C34920BCBA4400A000C5 /* NYC_JOBS_DATA_FINAL.xcdatamodeld in Sources */,
				FC37C34320BCBA4400A000C5 /* ViewController.swift in Sources */,
				FC37C34120BCBA4400A000C5 /* AppDelegate.swift in Sources */,
			);
			runOnlyForDeploymentPostprocessing = 0;
		};
		FC37C35020BCBA4600A000C5 /* Sources */ = {
			isa = PBXSourcesBuildPhase;
			buildActionMask = 2147483647;
			files = (
				FC37C35920BCBA4600A000C5 /* NYC_JOBS_DATA_FINALTests.swift in Sources */,
			);
			runOnlyForDeploymentPostprocessing = 0;
		};
		FC37C35B20BCBA4600A000C5 /* Sources */ = {
			isa = PBXSourcesBuildPhase;
			buildActionMask = 2147483647;
			files = (
				FC37C36420BCBA4600A000C5 /* NYC_JOBS_DATA_FINALUITests.swift in Sources */,
			);
			runOnlyForDeploymentPostprocessing = 0;
		};
/* End PBXSourcesBuildPhase section */

/* Begin PBXTargetDependency section */
		FC37C35620BCBA4600A000C5 /* PBXTargetDependency */ = {
			isa = PBXTargetDependency;
			target = FC37C33C20BCBA4400A000C5 /* NYC_JOBS_DATA_FINAL */;
			targetProxy = FC37C35520BCBA4600A000C5 /* PBXContainerItemProxy */;
		};
		FC37C36120BCBA4600A000C5 /* PBXTargetDependency */ = {
			isa = PBXTargetDependency;
			target = FC37C33C20BCBA4400A000C5 /* NYC_JOBS_DATA_FINAL */;
			targetProxy = FC37C36020BCBA4600A000C5 /* PBXContainerItemProxy */;
		};
/* End PBXTargetDependency section */

/* Begin PBXVariantGroup section */
		FC37C34420BCBA4400A000C5 /* Main.storyboard */ = {
			isa = PBXVariantGroup;
			children = (
				FC37C34520BCBA4400A000C5 /* Base */,
			);
			name = Main.storyboard;
			sourceTree = "<group>";
		};
		FC37C34C20BCBA4500A000C5 /* LaunchScreen.storyboard */ = {
			isa = PBXVariantGroup;
			children = (
				FC37C34D20BCBA4500A000C5 /* Base */,
			);
			name = LaunchScreen.storyboard;
			sourceTree = "<group>";
		};
/* End PBXVariantGroup section */

/* Begin XCBuildConfiguration section */
		FC37C36620BCBA4600A000C5 /* Debug */ = {
			isa = XCBuildConfiguration;
			buildSettings = {
				ALWAYS_SEARCH_USER_PATHS = NO;
				CLANG_ANALYZER_NONNULL = YES;
				CLANG_ANALYZER_NUMBER_OBJECT_CONVERSION = YES_AGGRESSIVE;
				CLANG_CXX_LANGUAGE_STANDARD = "gnu++14";
				CLANG_CXX_LIBRARY = "libc++";
				CLANG_ENABLE_MODULES = YES;
				CLANG_ENABLE_OBJC_ARC = YES;
				CLANG_ENABLE_OBJC_WEAK = YES;
				CLANG_WARN_BLOCK_CAPTURE_AUTORELEASING = YES;
				CLANG_WARN_BOOL_CONVERSION = YES;
				CLANG_WARN_COMMA = YES;
				CLANG_WARN_CONSTANT_CONVERSION = YES;
				CLANG_WARN_DEPRECATED_OBJC_IMPLEMENTATIONS = YES;
				CLANG_WARN_DIRECT_OBJC_ISA_USAGE = YES_ERROR;
				CLANG_WARN_DOCUMENTATION_COMMENTS = YES;
				CLANG_WARN_EMPTY_BODY = YES;
				CLANG_WARN_ENUM_CONVERSION = YES;
				CLANG_WARN_INFINITE_RECURSION = YES;
				CLANG_WARN_INT_CONVERSION = YES;
				CLANG_WARN_NON_LITERAL_NULL_CONVERSION = YES;
				CLANG_WARN_OBJC_IMPLICIT_RETAIN_SELF = YES;
				CLANG_WARN_OBJC_LITERAL_CONVERSION = YES;
				CLANG_WARN_OBJC_ROOT_CLASS = YES_ERROR;
				CLANG_WARN_RANGE_LOOP_ANALYSIS = YES;
				CLANG_WARN_STRICT_PROTOTYPES = YES;
				CLANG_WARN_SUSPICIOUS_MOVE = YES;
				CLANG_WARN_UNGUARDED_AVAILABILITY = YES_AGGRESSIVE;
				CLANG_WARN_UNREACHABLE_CODE = YES;
				CLANG_WARN__DUPLICATE_METHOD_MATCH = YES;
				CODE_SIGN_IDENTITY = "iPhone Developer";
				COPY_PHASE_STRIP = NO;
				DEBUG_INFORMATION_FORMAT = dwarf;
				ENABLE_STRICT_OBJC_MSGSEND = YES;
				ENABLE_TESTABILITY = YES;
				GCC_C_LANGUAGE_STANDARD = gnu11;
				GCC_DYNAMIC_NO_PIC = NO;
				GCC_NO_COMMON_BLOCKS = YES;
				GCC_OPTIMIZATION_LEVEL = 0;
				GCC_PREPROCESSOR_DEFINITIONS = (
					"DEBUG=1",
					"$(inherited)",
				);
				GCC_WARN_64_TO_32_BIT_CONVERSION = YES;
				GCC_WARN_ABOUT_RETURN_TYPE = YES_ERROR;
				GCC_WARN_UNDECLARED_SELECTOR = YES;
				GCC_WARN_UNINITIALIZED_AUTOS = YES_AGGRESSIVE;
				GCC_WARN_UNUSED_FUNCTION = YES;
				GCC_WARN_UNUSED_VARIABLE = YES;
				IPHONEOS_DEPLOYMENT_TARGET = 11.3;
				MTL_ENABLE_DEBUG_INFO = YES;
				ONLY_ACTIVE_ARCH = YES;
				SDKROOT = iphoneos;
				SWIFT_ACTIVE_COMPILATION_CONDITIONS = DEBUG;
				SWIFT_OPTIMIZATION_LEVEL = "-Onone";
			};
			name = Debug;
		};
		FC37C36720BCBA4600A000C5 /* Release */ = {
			isa = XCBuildConfiguration;
			buildSettings = {
				ALWAYS_SEARCH_USER_PATHS = NO;
				CLANG_ANALYZER_NONNULL = YES;
				CLANG_ANALYZER_NUMBER_OBJECT_CONVERSION = YES_AGGRESSIVE;
				CLANG_CXX_LANGUAGE_STANDARD = "gnu++14";
				CLANG_CXX_LIBRARY = "libc++";
				CLANG_ENABLE_MODULES = YES;
				CLANG_ENABLE_OBJC_ARC = YES;
				CLANG_ENABLE_OBJC_WEAK = YES;
				CLANG_WARN_BLOCK_CAPTURE_AUTORELEASING = YES;
				CLANG_WARN_BOOL_CONVERSION = YES;
				CLANG_WARN_COMMA = YES;
				CLANG_WARN_CONSTANT_CONVERSION = YES;
				CLANG_WARN_DEPRECATED_OBJC_IMPLEMENTATIONS = YES;
				CLANG_WARN_DIRECT_OBJC_ISA_USAGE = YES_ERROR;
				CLANG_WARN_DOCUMENTATION_COMMENTS = YES;
				CLANG_WARN_EMPTY_BODY = YES;
				CLANG_WARN_ENUM_CONVERSION = YES;
				CLANG_WARN_INFINITE_RECURSION = YES;
				CLANG_WARN_INT_CONVERSION = YES;
				CLANG_WARN_NON_LITERAL_NULL_CONVERSION = YES;
				CLANG_WARN_OBJC_IMPLICIT_RETAIN_SELF = YES;
				CLANG_WARN_OBJC_LITERAL_CONVERSION = YES;
				CLANG_WARN_OBJC_ROOT_CLASS = YES_ERROR;
				CLANG_WARN_RANGE_LOOP_ANALYSIS = YES;
				CLANG_WARN_STRICT_PROTOTYPES = YES;
				CLANG_WARN_SUSPICIOUS_MOVE = YES;
				CLANG_WARN_UNGUARDED_AVAILABILITY = YES_AGGRESSIVE;
				CLANG_WARN_UNREACHABLE_CODE = YES;
				CLANG_WARN__DUPLICATE_METHOD_MATCH = YES;
				CODE_SIGN_IDENTITY = "iPhone Developer";
				COPY_PHASE_STRIP = NO;
				DEBUG_INFORMATION_FORMAT = "dwarf-with-dsym";
				ENABLE_NS_ASSERTIONS = NO;
				ENABLE_STRICT_OBJC_MSGSEND = YES;
				GCC_C_LANGUAGE_STANDARD = gnu11;
				GCC_NO_COMMON_BLOCKS = YES;
				GCC_WARN_64_TO_32_BIT_CONVERSION = YES;
				GCC_WARN_ABOUT_RETURN_TYPE = YES_ERROR;
				GCC_WARN_UNDECLARED_SELECTOR = YES;
				GCC_WARN_UNINITIALIZED_AUTOS = YES_AGGRESSIVE;
				GCC_WARN_UNUSED_FUNCTION = YES;
				GCC_WARN_UNUSED_VARIABLE = YES;
				IPHONEOS_DEPLOYMENT_TARGET = 11.3;
				MTL_ENABLE_DEBUG_INFO = NO;
				SDKROOT = iphoneos;
				SWIFT_COMPILATION_MODE = wholemodule;
				SWIFT_OPTIMIZATION_LEVEL = "-O";
				VALIDATE_PRODUCT = YES;
			};
			name = Release;
		};
		FC37C36920BCBA4600A000C5 /* Debug */ = {
			isa = XCBuildConfiguration;
			buildSettings = {
				ASSETCATALOG_COMPILER_APPICON_NAME = AppIcon;
				CODE_SIGN_STYLE = Automatic;
				DEVELOPMENT_TEAM = MW3VV3UQR6;
				INFOPLIST_FILE = NYC_JOBS_DATA_FINAL/Info.plist;
				LD_RUNPATH_SEARCH_PATHS = (
					"$(inherited)",
					"@executable_path/Frameworks",
				);
				PRODUCT_BUNDLE_IDENTIFIER = "bigapplebyte.NYC-JOBS-DATA-FINAL";
				PRODUCT_NAME = "$(TARGET_NAME)";
				SWIFT_VERSION = 4.0;
				TARGETED_DEVICE_FAMILY = "1,2";
			};
			name = Debug;
		};
		FC37C36A20BCBA4600A000C5 /* Release */ = {
			isa = XCBuildConfiguration;
			buildSettings = {
				ASSETCATALOG_COMPILER_APPICON_NAME = AppIcon;
				CODE_SIGN_STYLE = Automatic;
				DEVELOPMENT_TEAM = MW3VV3UQR6;
				INFOPLIST_FILE = NYC_JOBS_DATA_FINAL/Info.plist;
				LD_RUNPATH_SEARCH_PATHS = (
					"$(inherited)",
					"@executable_path/Frameworks",
				);
				PRODUCT_BUNDLE_IDENTIFIER = "bigapplebyte.NYC-JOBS-DATA-FINAL";
				PRODUCT_NAME = "$(TARGET_NAME)";
				SWIFT_VERSION = 4.0;
				TARGETED_DEVICE_FAMILY = "1,2";
			};
			name = Release;
		};
		FC37C36C20BCBA4600A000C5 /* Debug */ = {
			isa = XCBuildConfiguration;
			buildSettings = {
				ALWAYS_EMBED_SWIFT_STANDARD_LIBRARIES = YES;
				BUNDLE_LOADER = "$(TEST_HOST)";
				CODE_SIGN_STYLE = Automatic;
				DEVELOPMENT_TEAM = MW3VV3UQR6;
				INFOPLIST_FILE = NYC_JOBS_DATA_FINALTests/Info.plist;
				LD_RUNPATH_SEARCH_PATHS = (
					"$(inherited)",
					"@executable_path/Frameworks",
					"@loader_path/Frameworks",
				);
				PRODUCT_BUNDLE_IDENTIFIER = "bigapplebyte.NYC-JOBS-DATA-FINALTests";
				PRODUCT_NAME = "$(TARGET_NAME)";
				SWIFT_VERSION = 4.0;
				TARGETED_DEVICE_FAMILY = "1,2";
				TEST_HOST = "$(BUILT_PRODUCTS_DIR)/NYC_JOBS_DATA_FINAL.app/NYC_JOBS_DATA_FINAL";
			};
			name = Debug;
		};
		FC37C36D20BCBA4600A000C5 /* Release */ = {
			isa = XCBuildConfiguration;
			buildSettings = {
				ALWAYS_EMBED_SWIFT_STANDARD_LIBRARIES = YES;
				BUNDLE_LOADER = "$(TEST_HOST)";
				CODE_SIGN_STYLE = Automatic;
				DEVELOPMENT_TEAM = MW3VV3UQR6;
				INFOPLIST_FILE = NYC_JOBS_DATA_FINALTests/Info.plist;
				LD_RUNPATH_SEARCH_PATHS = (
					"$(inherited)",
					"@executable_path/Frameworks",
					"@loader_path/Frameworks",
				);
				PRODUCT_BUNDLE_IDENTIFIER = "bigapplebyte.NYC-JOBS-DATA-FINALTests";
				PRODUCT_NAME = "$(TARGET_NAME)";
				SWIFT_VERSION = 4.0;
				TARGETED_DEVICE_FAMILY = "1,2";
				TEST_HOST = "$(BUILT_PRODUCTS_DIR)/NYC_JOBS_DATA_FINAL.app/NYC_JOBS_DATA_FINAL";
			};
			name = Release;
		};
		FC37C36F20BCBA4600A000C5 /* Debug */ = {
			isa = XCBuildConfiguration;
			buildSettings = {
				ALWAYS_EMBED_SWIFT_STANDARD_LIBRARIES = YES;
				CODE_SIGN_STYLE = Automatic;
				DEVELOPMENT_TEAM = MW3VV3UQR6;
				INFOPLIST_FILE = NYC_JOBS_DATA_FINALUITests/Info.plist;
				LD_RUNPATH_SEARCH_PATHS = (
					"$(inherited)",
					"@executable_path/Frameworks",
					"@loader_path/Frameworks",
				);
				PRODUCT_BUNDLE_IDENTIFIER = "bigapplebyte.NYC-JOBS-DATA-FINALUITests";
				PRODUCT_NAME = "$(TARGET_NAME)";
				SWIFT_VERSION = 4.0;
				TARGETED_DEVICE_FAMILY = "1,2";
				TEST_TARGET_NAME = NYC_JOBS_DATA_FINAL;
			};
			name = Debug;
		};
		FC37C37020BCBA4600A000C5 /* Release */ = {
			isa = XCBuildConfiguration;
			buildSettings = {
				ALWAYS_EMBED_SWIFT_STANDARD_LIBRARIES = YES;
				CODE_SIGN_STYLE = Automatic;
				DEVELOPMENT_TEAM = MW3VV3UQR6;
				INFOPLIST_FILE = NYC_JOBS_DATA_FINALUITests/Info.plist;
				LD_RUNPATH_SEARCH_PATHS = (
					"$(inherited)",
					"@executable_path/Frameworks",
					"@loader_path/Frameworks",
				);
				PRODUCT_BUNDLE_IDENTIFIER = "bigapplebyte.NYC-JOBS-DATA-FINALUITests";
				PRODUCT_NAME = "$(TARGET_NAME)";
				SWIFT_VERSION = 4.0;
				TARGETED_DEVICE_FAMILY = "1,2";
				TEST_TARGET_NAME = NYC_JOBS_DATA_FINAL;
			};
			name = Release;
		};
/* End XCBuildConfiguration section */

/* Begin XCConfigurationList section */
		FC37C33820BCBA4400A000C5 /* Build configuration list for PBXProject "NYC_JOBS_DATA_FINAL" */ = {
			isa = XCConfigurationList;
			buildConfigurations = (
				FC37C36620BCBA4600A000C5 /* Debug */,
				FC37C36720BCBA4600A000C5 /* Release */,
			);
			defaultConfigurationIsVisible = 0;
			defaultConfigurationName = Release;
		};
		FC37C36820BCBA4600A000C5 /* Build configuration list for PBXNativeTarget "NYC_JOBS_DATA_FINAL" */ = {
			isa = XCConfigurationList;
			buildConfigurations = (
				FC37C36920BCBA4600A000C5 /* Debug */,
				FC37C36A20BCBA4600A000C5 /* Release */,
			);
			defaultConfigurationIsVisible = 0;
			defaultConfigurationName = Release;
		};
		FC37C36B20BCBA4600A000C5 /* Build configuration list for PBXNativeTarget "NYC_JOBS_DATA_FINALTests" */ = {
			isa = XCConfigurationList;
			buildConfigurations = (
				FC37C36C20BCBA4600A000C5 /* Debug */,
				FC37C36D20BCBA4600A000C5 /* Release */,
			);
			defaultConfigurationIsVisible = 0;
			defaultConfigurationName = Release;
		};
		FC37C36E20BCBA4600A000C5 /* Build configuration list for PBXNativeTarget "NYC_JOBS_DATA_FINALUITests" */ = {
			isa = XCConfigurationList;
			buildConfigurations = (
				FC37C36F20BCBA4600A000C5 /* Debug */,
				FC37C37020BCBA4600A000C5 /* Release */,
			);
			defaultConfigurationIsVisible = 0;
			defaultConfigurationName = Release;
		};
/* End XCConfigurationList section */

/* Begin XCVersionGroup section */
		FC37C34720BCBA4400A000C5 /* NYC_JOBS_DATA_FINAL.xcdatamodeld */ = {
			isa = XCVersionGroup;
			children = (
				FC37C34820BCBA4400A000C5 /* NYC_JOBS_DATA_FINAL.xcdatamodel */,
			);
			currentVersion = FC37C34820BCBA4400A000C5 /* NYC_JOBS_DATA_FINAL.xcdatamodel */;
			path = NYC_JOBS_DATA_FINAL.xcdatamodeld;
			sourceTree = "<group>";
			versionGroupType = wrapper.xcdatamodel;
		};
/* End XCVersionGroup section */
	};
	rootObject = FC37C33520BCBA4400A000C5 /* Project object */;
}
